# This file was autogenerated by Stack.
# You should not edit this file by hand.
# For more information, please see the documentation at:
#   https://docs.haskellstack.org/en/stable/lock_files

packages:
- completed:
    hackage: morpheus-graphql-0.27.3@sha256:d1b8ecd2093fca77b051f20ab92ea3a26e52e701f48ebcff5f479a23687c7af8,17690
    pantry-tree:
      sha256: e58d86efcc1551b4963cdd4e8756710c3cc187b168a3c0663a5a1d1b64d2a3cd
      size: 22603
  original:
    hackage: morpheus-graphql-0.27.3@sha256:d1b8ecd2093fca77b051f20ab92ea3a26e52e701f48ebcff5f479a23687c7af8,17690
- completed:
    hackage: morpheus-graphql-code-gen-0.27.3@sha256:7b4039f7d225f9e93600aab2e48581e9ca68b5fc1c31bd97a8985866defe92f2,2700
    pantry-tree:
      sha256: 53b7b6268ba9a398ed99737065ff4424ccbe9168fd2b8c0d43e270fcf9677228
      size: 1124
  original:
    hackage: morpheus-graphql-code-gen-0.27.3@sha256:7b4039f7d225f9e93600aab2e48581e9ca68b5fc1c31bd97a8985866defe92f2,2700
- completed:
    hackage: optparse-applicative-0.17.1.0@sha256:cb5f5f0dc9749846fc0e3df0041a8efee6368cc1cff07336acd4c3b02a951ed6,5147
    pantry-tree:
      sha256: be7241e9c51c9e2bb4b9966b1a308258ed93b471d125611f068dc0279fcdc669
      size: 3124
  original:
    hackage: optparse-applicative-0.17.1.0@sha256:cb5f5f0dc9749846fc0e3df0041a8efee6368cc1cff07336acd4c3b02a951ed6,5147
- completed:
    hackage: ansi-wl-pprint-0.6.9@sha256:fb737bc96e2aef34ad595d54ced7a73f648c521ebcb00fe0679aff45ccd49212,2448
    pantry-tree:
      sha256: ebb02b32915c04146b193949c3c48d9e8200c152f38947e8d23ca25b0997e188
      size: 472
  original:
    hackage: ansi-wl-pprint-0.6.9@sha256:fb737bc96e2aef34ad595d54ced7a73f648c521ebcb00fe0679aff45ccd49212,2448
snapshots:
- completed:
    sha256: 56ef9e03804cb4827866e762dc9752eeb392adda8f4811690da110dd9a165b9e
    size: 714105
    url: https://raw.githubusercontent.com/commercialhaskell/stackage-snapshots/master/lts/22/8.yaml
  original:
    url: https://raw.githubusercontent.com/commercialhaskell/stackage-snapshots/master/lts/22/8.yaml
